
Microsoft Visual Studio Solution File, Format Version 12.00
# Visual Studio Version 17
VisualStudioVersion = 17.8.34525.116
MinimumVisualStudioVersion = 10.0.40219.1
Project("{FAE04EC0-301F-11D3-BF4B-00C04F79EFBC}") = "Deltafs.Platinum.DataQuery.Api.Web", "Deltafs.Platinum.DataQuery.Api.Web.csproj", "{BED312B5-BE22-4308-9BE1-292C8895D5B5}"
EndProject
Global
	GlobalSection(SolutionConfigurationPlatforms) = preSolution
		Debug|Any CPU = Debug|Any CPU
		Release|Any CPU = Release|Any CPU
	EndGlobalSection
	GlobalSection(ProjectConfigurationPlatforms) = postSolution
		{BED312B5-BE22-4308-9BE1-292C8895D5B5}.Debug|Any CPU.ActiveCfg = Debug|Any CPU
		{BED312B5-BE22-4308-9BE1-292C8895D5B5}.Debug|Any CPU.Build.0 = Debug|Any CPU
		{BED312B5-BE22-4308-9BE1-292C8895D5B5}.Release|Any CPU.ActiveCfg = Release|Any CPU
		{BED312B5-BE22-4308-9BE1-292C8895D5B5}.Release|Any CPU.Build.0 = Release|Any CPU
	EndGlobalSection
	GlobalSection(SolutionProperties) = preSolution
		HideSolutionNode = FALSE
	EndGlobalSection
	GlobalSection(ExtensibilityGlobals) = postSolution
		SolutionGuid = {2DA3643E-B387-46D6-BA89-289ADF448FCA}
	EndGlobalSection
EndGlobal
